{
  "name": "@tobe/wechat-adapter",
  "lockfileVersion": 3,
  "requires": true,
  "packages": {
    "": {
      "name": "@tobe/wechat-adapter",
      "dependencies": {
        "@wechatbot/wechatbot": "^2.2.0"
      }
    },
    "node_modules/@wechatbot/wechatbot": {
      "version": "2.2.0",
      "resolved": "https://registry.npmjs.org/@wechatbot/wechatbot/-/wechatbot-2.2.0.tgz",
      "integrity": "sha512-M3+RbTrwr5pW2GQC8RwGWh2JTZkSUHJFIjgs6R4UlBb4IaTOoTu6CmEW3G7MEGwU0ScswXCAN/iYfk1w4/UYeg==",
      "license": "MIT",
      "engines": {
        "node": ">=22"
      }
    }
  }
}
